
Microsoft Visual Studio Solution File, Format Version 12.00
# Visual Studio 14
VisualStudioVersion = 14.0.25420.1
MinimumVisualStudioVersion = 10.0.40219.1
Project("{8BC9CEB8-8B4A-11D0-8D11-00A0C91BC942}") = "Project1", "Project1\Project1.vcxproj", "{D4F8E92D-2BCE-4095-8988-46C0D6DCD75D}"
EndProject
Project("{8BC9CEB8-8B4A-11D0-8D11-00A0C91BC942}") = "Array", "Array\Array.vcxproj", "{5B9A4C59-9087-44F8-BE7E-68159A0DBBC5}"
EndProject
Project("{8BC9CEB8-8B4A-11D0-8D11-00A0C91BC942}") = "String", "String\String.vcxproj", "{6D92003C-7734-45C3-BDB6-7D1524DEAFDF}"
EndProject
Project("{8BC9CEB8-8B4A-11D0-8D11-00A0C91BC942}") = "HeroInvetory", "HeroInvetory\HeroInvetory.vcxproj", "{BDD5C83F-1735-41F8-9E39-F0ADA15355FD}"
EndProject
Project("{8BC9CEB8-8B4A-11D0-8D11-00A0C91BC942}") = "Tic-Tac-Toe", "Tic-Tac-Toe\Tic-Tac-Toe.vcxproj", "{9D70A12D-F537-4E3C-BBB3-C6C54B1C1AAF}"
EndProject
Project("{8BC9CEB8-8B4A-11D0-8D11-00A0C91BC942}") = "Word Jumble", "Word Jumble\Word Jumble.vcxproj", "{825E655E-4126-4503-9C33-8A4746C5777E}"
EndProject
Project("{8BC9CEB8-8B4A-11D0-8D11-00A0C91BC942}") = "Vector", "Vector\Vector.vcxproj", "{CB10A933-494E-428F-A30A-E2C1D062CBCE}"
EndProject
Project("{8BC9CEB8-8B4A-11D0-8D11-00A0C91BC942}") = "Function1", "Function1\Function1.vcxproj", "{F3F35DC6-C350-49CB-92AC-A9D85011562C}"
EndProject
Project("{8BC9CEB8-8B4A-11D0-8D11-00A0C91BC942}") = "Function2", "Function2\Function2.vcxproj", "{9BA7E204-45E1-427D-9462-1FBB5BA41AE4}"
EndProject
Project("{8BC9CEB8-8B4A-11D0-8D11-00A0C91BC942}") = "Array1", "Array1\Array1.vcxproj", "{7878F2BB-479C-4335-A5AD-3B8C12E68B8D}"
EndProject
Project("{8BC9CEB8-8B4A-11D0-8D11-00A0C91BC942}") = "Strings", "Array2\Array2.vcxproj", "{AC141647-7B07-463C-BF83-DF524F91B89F}"
EndProject
Project("{8BC9CEB8-8B4A-11D0-8D11-00A0C91BC942}") = "StringArray", "StringArray\StringArray.vcxproj", "{E6E30BFC-D38E-4BB9-A279-5195C8FD9CD8}"
EndProject
Project("{8BC9CEB8-8B4A-11D0-8D11-00A0C91BC942}") = "listing6.1", "listing6.1\listing6.1.vcxproj", "{E1F2C90D-E0A4-4677-93F4-0B2671A1B9AA}"
EndProject
Project("{8BC9CEB8-8B4A-11D0-8D11-00A0C91BC942}") = "Listing 6.2", "Listing 6.2\Listing 6.2.vcxproj", "{CE02C323-BD61-4415-99AD-AEB844E32AB6}"
EndProject
Project("{8BC9CEB8-8B4A-11D0-8D11-00A0C91BC942}") = "Listing6.3", "Listing6.3\Listing6.3.vcxproj", "{75CA3738-5FD2-41BA-A938-777D42ACA2D3}"
EndProject
Project("{8BC9CEB8-8B4A-11D0-8D11-00A0C91BC942}") = "Listing6.4", "Listing6.4\Listing6.4.vcxproj", "{79272FF9-4440-4310-88E3-58ED9FA005D1}"
EndProject
Project("{8BC9CEB8-8B4A-11D0-8D11-00A0C91BC942}") = "Listing6.5", "Listing6.5\Listing6.5.vcxproj", "{BC43DC1F-08CC-486E-B986-7D6EB1D83483}"
EndProject
Project("{8BC9CEB8-8B4A-11D0-8D11-00A0C91BC942}") = "Listing6.6", "Listing6.6\Listing6.6.vcxproj", "{AE229900-F00C-4B5D-9210-CAA8601B5F4A}"
EndProject
Project("{8BC9CEB8-8B4A-11D0-8D11-00A0C91BC942}") = "Listin6.7", "Listin6.7\Listin6.7.vcxproj", "{567C6E59-567C-4989-851D-4C18D8B39541}"
EndProject
Project("{8BC9CEB8-8B4A-11D0-8D11-00A0C91BC942}") = "Listing6.8", "Listing6.8\Listing6.8.vcxproj", "{159219F7-8281-4842-9B3C-51633B7F0A19}"
EndProject
Project("{8BC9CEB8-8B4A-11D0-8D11-00A0C91BC942}") = "Listing6.9", "Listing6.9\Listing6.9.vcxproj", "{359F5AD1-25CB-49AD-BE00-FE161B062467}"
EndProject
Project("{8BC9CEB8-8B4A-11D0-8D11-00A0C91BC942}") = "Listing6.10", "Listing6.10\Listing6.10.vcxproj", "{08500750-E4BE-44AA-BEB6-B45000FA6933}"
EndProject
Project("{8BC9CEB8-8B4A-11D0-8D11-00A0C91BC942}") = "Listing6.11", "Listing6.11\Listing6.11.vcxproj", "{4CDCB51B-CBA4-48C7-B5EB-00683DCB0E98}"
EndProject
Global
	GlobalSection(SolutionConfigurationPlatforms) = preSolution
		Debug|x64 = Debug|x64
		Debug|x86 = Debug|x86
		Release|x64 = Release|x64
		Release|x86 = Release|x86
	EndGlobalSection
	GlobalSection(ProjectConfigurationPlatforms) = postSolution
		{D4F8E92D-2BCE-4095-8988-46C0D6DCD75D}.Debug|x64.ActiveCfg = Debug|x64
		{D4F8E92D-2BCE-4095-8988-46C0D6DCD75D}.Debug|x64.Build.0 = Debug|x64
		{D4F8E92D-2BCE-4095-8988-46C0D6DCD75D}.Debug|x86.ActiveCfg = Debug|Win32
		{D4F8E92D-2BCE-4095-8988-46C0D6DCD75D}.Debug|x86.Build.0 = Debug|Win32
		{D4F8E92D-2BCE-4095-8988-46C0D6DCD75D}.Release|x64.ActiveCfg = Release|x64
		{D4F8E92D-2BCE-4095-8988-46C0D6DCD75D}.Release|x64.Build.0 = Release|x64
		{D4F8E92D-2BCE-4095-8988-46C0D6DCD75D}.Release|x86.ActiveCfg = Release|Win32
		{D4F8E92D-2BCE-4095-8988-46C0D6DCD75D}.Release|x86.Build.0 = Release|Win32
		{5B9A4C59-9087-44F8-BE7E-68159A0DBBC5}.Debug|x64.ActiveCfg = Debug|x64
		{5B9A4C59-9087-44F8-BE7E-68159A0DBBC5}.Debug|x64.Build.0 = Debug|x64
		{5B9A4C59-9087-44F8-BE7E-68159A0DBBC5}.Debug|x86.ActiveCfg = Debug|Win32
		{5B9A4C59-9087-44F8-BE7E-68159A0DBBC5}.Debug|x86.Build.0 = Debug|Win32
		{5B9A4C59-9087-44F8-BE7E-68159A0DBBC5}.Release|x64.ActiveCfg = Release|x64
		{5B9A4C59-9087-44F8-BE7E-68159A0DBBC5}.Release|x64.Build.0 = Release|x64
		{5B9A4C59-9087-44F8-BE7E-68159A0DBBC5}.Release|x86.ActiveCfg = Release|Win32
		{5B9A4C59-9087-44F8-BE7E-68159A0DBBC5}.Release|x86.Build.0 = Release|Win32
		{6D92003C-7734-45C3-BDB6-7D1524DEAFDF}.Debug|x64.ActiveCfg = Debug|x64
		{6D92003C-7734-45C3-BDB6-7D1524DEAFDF}.Debug|x64.Build.0 = Debug|x64
		{6D92003C-7734-45C3-BDB6-7D1524DEAFDF}.Debug|x86.ActiveCfg = Debug|Win32
		{6D92003C-7734-45C3-BDB6-7D1524DEAFDF}.Debug|x86.Build.0 = Debug|Win32
		{6D92003C-7734-45C3-BDB6-7D1524DEAFDF}.Release|x64.ActiveCfg = Release|x64
		{6D92003C-7734-45C3-BDB6-7D1524DEAFDF}.Release|x64.Build.0 = Release|x64
		{6D92003C-7734-45C3-BDB6-7D1524DEAFDF}.Release|x86.ActiveCfg = Release|Win32
		{6D92003C-7734-45C3-BDB6-7D1524DEAFDF}.Release|x86.Build.0 = Release|Win32
		{BDD5C83F-1735-41F8-9E39-F0ADA15355FD}.Debug|x64.ActiveCfg = Debug|x64
		{BDD5C83F-1735-41F8-9E39-F0ADA15355FD}.Debug|x64.Build.0 = Debug|x64
		{BDD5C83F-1735-41F8-9E39-F0ADA15355FD}.Debug|x86.ActiveCfg = Debug|Win32
		{BDD5C83F-1735-41F8-9E39-F0ADA15355FD}.Debug|x86.Build.0 = Debug|Win32
		{BDD5C83F-1735-41F8-9E39-F0ADA15355FD}.Release|x64.ActiveCfg = Release|x64
		{BDD5C83F-1735-41F8-9E39-F0ADA15355FD}.Release|x64.Build.0 = Release|x64
		{BDD5C83F-1735-41F8-9E39-F0ADA15355FD}.Release|x86.ActiveCfg = Release|Win32
		{BDD5C83F-1735-41F8-9E39-F0ADA15355FD}.Release|x86.Build.0 = Release|Win32
		{9D70A12D-F537-4E3C-BBB3-C6C54B1C1AAF}.Debug|x64.ActiveCfg = Debug|x64
		{9D70A12D-F537-4E3C-BBB3-C6C54B1C1AAF}.Debug|x64.Build.0 = Debug|x64
		{9D70A12D-F537-4E3C-BBB3-C6C54B1C1AAF}.Debug|x86.ActiveCfg = Debug|Win32
		{9D70A12D-F537-4E3C-BBB3-C6C54B1C1AAF}.Debug|x86.Build.0 = Debug|Win32
		{9D70A12D-F537-4E3C-BBB3-C6C54B1C1AAF}.Release|x64.ActiveCfg = Release|x64
		{9D70A12D-F537-4E3C-BBB3-C6C54B1C1AAF}.Release|x64.Build.0 = Release|x64
		{9D70A12D-F537-4E3C-BBB3-C6C54B1C1AAF}.Release|x86.ActiveCfg = Release|Win32
		{9D70A12D-F537-4E3C-BBB3-C6C54B1C1AAF}.Release|x86.Build.0 = Release|Win32
		{825E655E-4126-4503-9C33-8A4746C5777E}.Debug|x64.ActiveCfg = Debug|x64
		{825E655E-4126-4503-9C33-8A4746C5777E}.Debug|x64.Build.0 = Debug|x64
		{825E655E-4126-4503-9C33-8A4746C5777E}.Debug|x86.ActiveCfg = Debug|Win32
		{825E655E-4126-4503-9C33-8A4746C5777E}.Debug|x86.Build.0 = Debug|Win32
		{825E655E-4126-4503-9C33-8A4746C5777E}.Release|x64.ActiveCfg = Release|x64
		{825E655E-4126-4503-9C33-8A4746C5777E}.Release|x64.Build.0 = Release|x64
		{825E655E-4126-4503-9C33-8A4746C5777E}.Release|x86.ActiveCfg = Release|Win32
		{825E655E-4126-4503-9C33-8A4746C5777E}.Release|x86.Build.0 = Release|Win32
		{CB10A933-494E-428F-A30A-E2C1D062CBCE}.Debug|x64.ActiveCfg = Debug|x64
		{CB10A933-494E-428F-A30A-E2C1D062CBCE}.Debug|x64.Build.0 = Debug|x64
		{CB10A933-494E-428F-A30A-E2C1D062CBCE}.Debug|x86.ActiveCfg = Debug|Win32
		{CB10A933-494E-428F-A30A-E2C1D062CBCE}.Debug|x86.Build.0 = Debug|Win32
		{CB10A933-494E-428F-A30A-E2C1D062CBCE}.Release|x64.ActiveCfg = Release|x64
		{CB10A933-494E-428F-A30A-E2C1D062CBCE}.Release|x64.Build.0 = Release|x64
		{CB10A933-494E-428F-A30A-E2C1D062CBCE}.Release|x86.ActiveCfg = Release|Win32
		{CB10A933-494E-428F-A30A-E2C1D062CBCE}.Release|x86.Build.0 = Release|Win32
		{F3F35DC6-C350-49CB-92AC-A9D85011562C}.Debug|x64.ActiveCfg = Debug|x64
		{F3F35DC6-C350-49CB-92AC-A9D85011562C}.Debug|x64.Build.0 = Debug|x64
		{F3F35DC6-C350-49CB-92AC-A9D85011562C}.Debug|x86.ActiveCfg = Debug|Win32
		{F3F35DC6-C350-49CB-92AC-A9D85011562C}.Debug|x86.Build.0 = Debug|Win32
		{F3F35DC6-C350-49CB-92AC-A9D85011562C}.Release|x64.ActiveCfg = Release|x64
		{F3F35DC6-C350-49CB-92AC-A9D85011562C}.Release|x64.Build.0 = Release|x64
		{F3F35DC6-C350-49CB-92AC-A9D85011562C}.Release|x86.ActiveCfg = Release|Win32
		{F3F35DC6-C350-49CB-92AC-A9D85011562C}.Release|x86.Build.0 = Release|Win32
		{9BA7E204-45E1-427D-9462-1FBB5BA41AE4}.Debug|x64.ActiveCfg = Debug|x64
		{9BA7E204-45E1-427D-9462-1FBB5BA41AE4}.Debug|x64.Build.0 = Debug|x64
		{9BA7E204-45E1-427D-9462-1FBB5BA41AE4}.Debug|x86.ActiveCfg = Debug|Win32
		{9BA7E204-45E1-427D-9462-1FBB5BA41AE4}.Debug|x86.Build.0 = Debug|Win32
		{9BA7E204-45E1-427D-9462-1FBB5BA41AE4}.Release|x64.ActiveCfg = Release|x64
		{9BA7E204-45E1-427D-9462-1FBB5BA41AE4}.Release|x64.Build.0 = Release|x64
		{9BA7E204-45E1-427D-9462-1FBB5BA41AE4}.Release|x86.ActiveCfg = Release|Win32
		{9BA7E204-45E1-427D-9462-1FBB5BA41AE4}.Release|x86.Build.0 = Release|Win32
		{7878F2BB-479C-4335-A5AD-3B8C12E68B8D}.Debug|x64.ActiveCfg = Debug|x64
		{7878F2BB-479C-4335-A5AD-3B8C12E68B8D}.Debug|x64.Build.0 = Debug|x64
		{7878F2BB-479C-4335-A5AD-3B8C12E68B8D}.Debug|x86.ActiveCfg = Debug|Win32
		{7878F2BB-479C-4335-A5AD-3B8C12E68B8D}.Debug|x86.Build.0 = Debug|Win32
		{7878F2BB-479C-4335-A5AD-3B8C12E68B8D}.Release|x64.ActiveCfg = Release|x64
		{7878F2BB-479C-4335-A5AD-3B8C12E68B8D}.Release|x64.Build.0 = Release|x64
		{7878F2BB-479C-4335-A5AD-3B8C12E68B8D}.Release|x86.ActiveCfg = Release|Win32
		{7878F2BB-479C-4335-A5AD-3B8C12E68B8D}.Release|x86.Build.0 = Release|Win32
		{AC141647-7B07-463C-BF83-DF524F91B89F}.Debug|x64.ActiveCfg = Debug|x64
		{AC141647-7B07-463C-BF83-DF524F91B89F}.Debug|x64.Build.0 = Debug|x64
		{AC141647-7B07-463C-BF83-DF524F91B89F}.Debug|x86.ActiveCfg = Debug|Win32
		{AC141647-7B07-463C-BF83-DF524F91B89F}.Debug|x86.Build.0 = Debug|Win32
		{AC141647-7B07-463C-BF83-DF524F91B89F}.Release|x64.ActiveCfg = Release|x64
		{AC141647-7B07-463C-BF83-DF524F91B89F}.Release|x64.Build.0 = Release|x64
		{AC141647-7B07-463C-BF83-DF524F91B89F}.Release|x86.ActiveCfg = Release|Win32
		{AC141647-7B07-463C-BF83-DF524F91B89F}.Release|x86.Build.0 = Release|Win32
		{E6E30BFC-D38E-4BB9-A279-5195C8FD9CD8}.Debug|x64.ActiveCfg = Debug|x64
		{E6E30BFC-D38E-4BB9-A279-5195C8FD9CD8}.Debug|x64.Build.0 = Debug|x64
		{E6E30BFC-D38E-4BB9-A279-5195C8FD9CD8}.Debug|x86.ActiveCfg = Debug|Win32
		{E6E30BFC-D38E-4BB9-A279-5195C8FD9CD8}.Debug|x86.Build.0 = Debug|Win32
		{E6E30BFC-D38E-4BB9-A279-5195C8FD9CD8}.Release|x64.ActiveCfg = Release|x64
		{E6E30BFC-D38E-4BB9-A279-5195C8FD9CD8}.Release|x64.Build.0 = Release|x64
		{E6E30BFC-D38E-4BB9-A279-5195C8FD9CD8}.Release|x86.ActiveCfg = Release|Win32
		{E6E30BFC-D38E-4BB9-A279-5195C8FD9CD8}.Release|x86.Build.0 = Release|Win32
		{E1F2C90D-E0A4-4677-93F4-0B2671A1B9AA}.Debug|x64.ActiveCfg = Debug|x64
		{E1F2C90D-E0A4-4677-93F4-0B2671A1B9AA}.Debug|x64.Build.0 = Debug|x64
		{E1F2C90D-E0A4-4677-93F4-0B2671A1B9AA}.Debug|x86.ActiveCfg = Debug|Win32
		{E1F2C90D-E0A4-4677-93F4-0B2671A1B9AA}.Debug|x86.Build.0 = Debug|Win32
		{E1F2C90D-E0A4-4677-93F4-0B2671A1B9AA}.Release|x64.ActiveCfg = Release|x64
		{E1F2C90D-E0A4-4677-93F4-0B2671A1B9AA}.Release|x64.Build.0 = Release|x64
		{E1F2C90D-E0A4-4677-93F4-0B2671A1B9AA}.Release|x86.ActiveCfg = Release|Win32
		{E1F2C90D-E0A4-4677-93F4-0B2671A1B9AA}.Release|x86.Build.0 = Release|Win32
		{CE02C323-BD61-4415-99AD-AEB844E32AB6}.Debug|x64.ActiveCfg = Debug|x64
		{CE02C323-BD61-4415-99AD-AEB844E32AB6}.Debug|x64.Build.0 = Debug|x64
		{CE02C323-BD61-4415-99AD-AEB844E32AB6}.Debug|x86.ActiveCfg = Debug|Win32
		{CE02C323-BD61-4415-99AD-AEB844E32AB6}.Debug|x86.Build.0 = Debug|Win32
		{CE02C323-BD61-4415-99AD-AEB844E32AB6}.Release|x64.ActiveCfg = Release|x64
		{CE02C323-BD61-4415-99AD-AEB844E32AB6}.Release|x64.Build.0 = Release|x64
		{CE02C323-BD61-4415-99AD-AEB844E32AB6}.Release|x86.ActiveCfg = Release|Win32
		{CE02C323-BD61-4415-99AD-AEB844E32AB6}.Release|x86.Build.0 = Release|Win32
		{75CA3738-5FD2-41BA-A938-777D42ACA2D3}.Debug|x64.ActiveCfg = Debug|x64
		{75CA3738-5FD2-41BA-A938-777D42ACA2D3}.Debug|x64.Build.0 = Debug|x64
		{75CA3738-5FD2-41BA-A938-777D42ACA2D3}.Debug|x86.ActiveCfg = Debug|Win32
		{75CA3738-5FD2-41BA-A938-777D42ACA2D3}.Debug|x86.Build.0 = Debug|Win32
		{75CA3738-5FD2-41BA-A938-777D42ACA2D3}.Release|x64.ActiveCfg = Release|x64
		{75CA3738-5FD2-41BA-A938-777D42ACA2D3}.Release|x64.Build.0 = Release|x64
		{75CA3738-5FD2-41BA-A938-777D42ACA2D3}.Release|x86.ActiveCfg = Release|Win32
		{75CA3738-5FD2-41BA-A938-777D42ACA2D3}.Release|x86.Build.0 = Release|Win32
		{79272FF9-4440-4310-88E3-58ED9FA005D1}.Debug|x64.ActiveCfg = Debug|x64
		{79272FF9-4440-4310-88E3-58ED9FA005D1}.Debug|x64.Build.0 = Debug|x64
		{79272FF9-4440-4310-88E3-58ED9FA005D1}.Debug|x86.ActiveCfg = Debug|Win32
		{79272FF9-4440-4310-88E3-58ED9FA005D1}.Debug|x86.Build.0 = Debug|Win32
		{79272FF9-4440-4310-88E3-58ED9FA005D1}.Release|x64.ActiveCfg = Release|x64
		{79272FF9-4440-4310-88E3-58ED9FA005D1}.Release|x64.Build.0 = Release|x64
		{79272FF9-4440-4310-88E3-58ED9FA005D1}.Release|x86.ActiveCfg = Release|Win32
		{79272FF9-4440-4310-88E3-58ED9FA005D1}.Release|x86.Build.0 = Release|Win32
		{BC43DC1F-08CC-486E-B986-7D6EB1D83483}.Debug|x64.ActiveCfg = Debug|x64
		{BC43DC1F-08CC-486E-B986-7D6EB1D83483}.Debug|x64.Build.0 = Debug|x64
		{BC43DC1F-08CC-486E-B986-7D6EB1D83483}.Debug|x86.ActiveCfg = Debug|Win32
		{BC43DC1F-08CC-486E-B986-7D6EB1D83483}.Debug|x86.Build.0 = Debug|Win32
		{BC43DC1F-08CC-486E-B986-7D6EB1D83483}.Release|x64.ActiveCfg = Release|x64
		{BC43DC1F-08CC-486E-B986-7D6EB1D83483}.Release|x64.Build.0 = Release|x64
		{BC43DC1F-08CC-486E-B986-7D6EB1D83483}.Release|x86.ActiveCfg = Release|Win32
		{BC43DC1F-08CC-486E-B986-7D6EB1D83483}.Release|x86.Build.0 = Release|Win32
		{AE229900-F00C-4B5D-9210-CAA8601B5F4A}.Debug|x64.ActiveCfg = Debug|x64
		{AE229900-F00C-4B5D-9210-CAA8601B5F4A}.Debug|x64.Build.0 = Debug|x64
		{AE229900-F00C-4B5D-9210-CAA8601B5F4A}.Debug|x86.ActiveCfg = Debug|Win32
		{AE229900-F00C-4B5D-9210-CAA8601B5F4A}.Debug|x86.Build.0 = Debug|Win32
		{AE229900-F00C-4B5D-9210-CAA8601B5F4A}.Release|x64.ActiveCfg = Release|x64
		{AE229900-F00C-4B5D-9210-CAA8601B5F4A}.Release|x64.Build.0 = Release|x64
		{AE229900-F00C-4B5D-9210-CAA8601B5F4A}.Release|x86.ActiveCfg = Release|Win32
		{AE229900-F00C-4B5D-9210-CAA8601B5F4A}.Release|x86.Build.0 = Release|Win32
		{567C6E59-567C-4989-851D-4C18D8B39541}.Debug|x64.ActiveCfg = Debug|x64
		{567C6E59-567C-4989-851D-4C18D8B39541}.Debug|x64.Build.0 = Debug|x64
		{567C6E59-567C-4989-851D-4C18D8B39541}.Debug|x86.ActiveCfg = Debug|Win32
		{567C6E59-567C-4989-851D-4C18D8B39541}.Debug|x86.Build.0 = Debug|Win32
		{567C6E59-567C-4989-851D-4C18D8B39541}.Release|x64.ActiveCfg = Release|x64
		{567C6E59-567C-4989-851D-4C18D8B39541}.Release|x64.Build.0 = Release|x64
		{567C6E59-567C-4989-851D-4C18D8B39541}.Release|x86.ActiveCfg = Release|Win32
		{567C6E59-567C-4989-851D-4C18D8B39541}.Release|x86.Build.0 = Release|Win32
		{159219F7-8281-4842-9B3C-51633B7F0A19}.Debug|x64.ActiveCfg = Debug|x64
		{159219F7-8281-4842-9B3C-51633B7F0A19}.Debug|x64.Build.0 = Debug|x64
		{159219F7-8281-4842-9B3C-51633B7F0A19}.Debug|x86.ActiveCfg = Debug|Win32
		{159219F7-8281-4842-9B3C-51633B7F0A19}.Debug|x86.Build.0 = Debug|Win32
		{159219F7-8281-4842-9B3C-51633B7F0A19}.Release|x64.ActiveCfg = Release|x64
		{159219F7-8281-4842-9B3C-51633B7F0A19}.Release|x64.Build.0 = Release|x64
		{159219F7-8281-4842-9B3C-51633B7F0A19}.Release|x86.ActiveCfg = Release|Win32
		{159219F7-8281-4842-9B3C-51633B7F0A19}.Release|x86.Build.0 = Release|Win32
		{359F5AD1-25CB-49AD-BE00-FE161B062467}.Debug|x64.ActiveCfg = Debug|x64
		{359F5AD1-25CB-49AD-BE00-FE161B062467}.Debug|x64.Build.0 = Debug|x64
		{359F5AD1-25CB-49AD-BE00-FE161B062467}.Debug|x86.ActiveCfg = Debug|Win32
		{359F5AD1-25CB-49AD-BE00-FE161B062467}.Debug|x86.Build.0 = Debug|Win32
		{359F5AD1-25CB-49AD-BE00-FE161B062467}.Release|x64.ActiveCfg = Release|x64
		{359F5AD1-25CB-49AD-BE00-FE161B062467}.Release|x64.Build.0 = Release|x64
		{359F5AD1-25CB-49AD-BE00-FE161B062467}.Release|x86.ActiveCfg = Release|Win32
		{359F5AD1-25CB-49AD-BE00-FE161B062467}.Release|x86.Build.0 = Release|Win32
		{08500750-E4BE-44AA-BEB6-B45000FA6933}.Debug|x64.ActiveCfg = Debug|x64
		{08500750-E4BE-44AA-BEB6-B45000FA6933}.Debug|x64.Build.0 = Debug|x64
		{08500750-E4BE-44AA-BEB6-B45000FA6933}.Debug|x86.ActiveCfg = Debug|Win32
		{08500750-E4BE-44AA-BEB6-B45000FA6933}.Debug|x86.Build.0 = Debug|Win32
		{08500750-E4BE-44AA-BEB6-B45000FA6933}.Release|x64.ActiveCfg = Release|x64
		{08500750-E4BE-44AA-BEB6-B45000FA6933}.Release|x64.Build.0 = Release|x64
		{08500750-E4BE-44AA-BEB6-B45000FA6933}.Release|x86.ActiveCfg = Release|Win32
		{08500750-E4BE-44AA-BEB6-B45000FA6933}.Release|x86.Build.0 = Release|Win32
		{4CDCB51B-CBA4-48C7-B5EB-00683DCB0E98}.Debug|x64.ActiveCfg = Debug|x64
		{4CDCB51B-CBA4-48C7-B5EB-00683DCB0E98}.Debug|x64.Build.0 = Debug|x64
		{4CDCB51B-CBA4-48C7-B5EB-00683DCB0E98}.Debug|x86.ActiveCfg = Debug|Win32
		{4CDCB51B-CBA4-48C7-B5EB-00683DCB0E98}.Debug|x86.Build.0 = Debug|Win32
		{4CDCB51B-CBA4-48C7-B5EB-00683DCB0E98}.Release|x64.ActiveCfg = Release|x64
		{4CDCB51B-CBA4-48C7-B5EB-00683DCB0E98}.Release|x64.Build.0 = Release|x64
		{4CDCB51B-CBA4-48C7-B5EB-00683DCB0E98}.Release|x86.ActiveCfg = Release|Win32
		{4CDCB51B-CBA4-48C7-B5EB-00683DCB0E98}.Release|x86.Build.0 = Release|Win32
	EndGlobalSection
	GlobalSection(SolutionProperties) = preSolution
		HideSolutionNode = FALSE
	EndGlobalSection
EndGlobal
