
Microsoft Visual Studio Solution File, Format Version 12.00
# Visual Studio 14
VisualStudioVersion = 14.0.25420.1
MinimumVisualStudioVersion = 10.0.40219.1
Project("{8BC9CEB8-8B4A-11D0-8D11-00A0C91BC942}") = "Lesson3", "Lesson3\Lesson3.vcxproj", "{832F080E-2A9D-420A-9F5C-7CA26DE20CBA}"
EndProject
Project("{8BC9CEB8-8B4A-11D0-8D11-00A0C91BC942}") = "Description", "Description\Description.vcxproj", "{1B3796BF-5D11-40C0-891D-49528DD3AEB4}"
EndProject
Project("{8BC9CEB8-8B4A-11D0-8D11-00A0C91BC942}") = "Test", "Test\Test.vcxproj", "{9230D3A9-830F-4150-89B4-4AF6368F1964}"
EndProject
Project("{8BC9CEB8-8B4A-11D0-8D11-00A0C91BC942}") = "Video_lection2", "Video_lection2\Video_lection2.vcxproj", "{AAB71A40-9E74-4C94-871A-82521D6519CE}"
EndProject
Project("{8BC9CEB8-8B4A-11D0-8D11-00A0C91BC942}") = "LostTreasure", "LostTreasure\LostTreasure.vcxproj", "{7248328B-F3A6-4D85-9843-2081978B7759}"
EndProject
Project("{8BC9CEB8-8B4A-11D0-8D11-00A0C91BC942}") = "C to F", "C to F\C to F.vcxproj", "{B0FD6356-AD6C-40E6-9972-51BDE5708EDD}"
EndProject
Project("{8BC9CEB8-8B4A-11D0-8D11-00A0C91BC942}") = "DollarPerNationalValute", "DollarPerNationalValute\DollarPerNationalValute.vcxproj", "{07EF2EDA-B1C9-4BE2-A9D3-E60754FDB627}"
EndProject
Global
	GlobalSection(SolutionConfigurationPlatforms) = preSolution
		Debug|x64 = Debug|x64
		Debug|x86 = Debug|x86
		Release|x64 = Release|x64
		Release|x86 = Release|x86
	EndGlobalSection
	GlobalSection(ProjectConfigurationPlatforms) = postSolution
		{832F080E-2A9D-420A-9F5C-7CA26DE20CBA}.Debug|x64.ActiveCfg = Debug|x64
		{832F080E-2A9D-420A-9F5C-7CA26DE20CBA}.Debug|x64.Build.0 = Debug|x64
		{832F080E-2A9D-420A-9F5C-7CA26DE20CBA}.Debug|x86.ActiveCfg = Debug|Win32
		{832F080E-2A9D-420A-9F5C-7CA26DE20CBA}.Debug|x86.Build.0 = Debug|Win32
		{832F080E-2A9D-420A-9F5C-7CA26DE20CBA}.Release|x64.ActiveCfg = Release|x64
		{832F080E-2A9D-420A-9F5C-7CA26DE20CBA}.Release|x64.Build.0 = Release|x64
		{832F080E-2A9D-420A-9F5C-7CA26DE20CBA}.Release|x86.ActiveCfg = Release|Win32
		{832F080E-2A9D-420A-9F5C-7CA26DE20CBA}.Release|x86.Build.0 = Release|Win32
		{1B3796BF-5D11-40C0-891D-49528DD3AEB4}.Debug|x64.ActiveCfg = Debug|x64
		{1B3796BF-5D11-40C0-891D-49528DD3AEB4}.Debug|x64.Build.0 = Debug|x64
		{1B3796BF-5D11-40C0-891D-49528DD3AEB4}.Debug|x86.ActiveCfg = Debug|Win32
		{1B3796BF-5D11-40C0-891D-49528DD3AEB4}.Debug|x86.Build.0 = Debug|Win32
		{1B3796BF-5D11-40C0-891D-49528DD3AEB4}.Release|x64.ActiveCfg = Release|x64
		{1B3796BF-5D11-40C0-891D-49528DD3AEB4}.Release|x64.Build.0 = Release|x64
		{1B3796BF-5D11-40C0-891D-49528DD3AEB4}.Release|x86.ActiveCfg = Release|Win32
		{1B3796BF-5D11-40C0-891D-49528DD3AEB4}.Release|x86.Build.0 = Release|Win32
		{9230D3A9-830F-4150-89B4-4AF6368F1964}.Debug|x64.ActiveCfg = Debug|x64
		{9230D3A9-830F-4150-89B4-4AF6368F1964}.Debug|x64.Build.0 = Debug|x64
		{9230D3A9-830F-4150-89B4-4AF6368F1964}.Debug|x86.ActiveCfg = Debug|Win32
		{9230D3A9-830F-4150-89B4-4AF6368F1964}.Debug|x86.Build.0 = Debug|Win32
		{9230D3A9-830F-4150-89B4-4AF6368F1964}.Release|x64.ActiveCfg = Release|x64
		{9230D3A9-830F-4150-89B4-4AF6368F1964}.Release|x64.Build.0 = Release|x64
		{9230D3A9-830F-4150-89B4-4AF6368F1964}.Release|x86.ActiveCfg = Release|Win32
		{9230D3A9-830F-4150-89B4-4AF6368F1964}.Release|x86.Build.0 = Release|Win32
		{AAB71A40-9E74-4C94-871A-82521D6519CE}.Debug|x64.ActiveCfg = Debug|x64
		{AAB71A40-9E74-4C94-871A-82521D6519CE}.Debug|x64.Build.0 = Debug|x64
		{AAB71A40-9E74-4C94-871A-82521D6519CE}.Debug|x86.ActiveCfg = Debug|Win32
		{AAB71A40-9E74-4C94-871A-82521D6519CE}.Debug|x86.Build.0 = Debug|Win32
		{AAB71A40-9E74-4C94-871A-82521D6519CE}.Release|x64.ActiveCfg = Release|x64
		{AAB71A40-9E74-4C94-871A-82521D6519CE}.Release|x64.Build.0 = Release|x64
		{AAB71A40-9E74-4C94-871A-82521D6519CE}.Release|x86.ActiveCfg = Release|Win32
		{AAB71A40-9E74-4C94-871A-82521D6519CE}.Release|x86.Build.0 = Release|Win32
		{7248328B-F3A6-4D85-9843-2081978B7759}.Debug|x64.ActiveCfg = Debug|x64
		{7248328B-F3A6-4D85-9843-2081978B7759}.Debug|x64.Build.0 = Debug|x64
		{7248328B-F3A6-4D85-9843-2081978B7759}.Debug|x86.ActiveCfg = Debug|Win32
		{7248328B-F3A6-4D85-9843-2081978B7759}.Debug|x86.Build.0 = Debug|Win32
		{7248328B-F3A6-4D85-9843-2081978B7759}.Release|x64.ActiveCfg = Release|x64
		{7248328B-F3A6-4D85-9843-2081978B7759}.Release|x64.Build.0 = Release|x64
		{7248328B-F3A6-4D85-9843-2081978B7759}.Release|x86.ActiveCfg = Release|Win32
		{7248328B-F3A6-4D85-9843-2081978B7759}.Release|x86.Build.0 = Release|Win32
		{B0FD6356-AD6C-40E6-9972-51BDE5708EDD}.Debug|x64.ActiveCfg = Debug|x64
		{B0FD6356-AD6C-40E6-9972-51BDE5708EDD}.Debug|x64.Build.0 = Debug|x64
		{B0FD6356-AD6C-40E6-9972-51BDE5708EDD}.Debug|x86.ActiveCfg = Debug|Win32
		{B0FD6356-AD6C-40E6-9972-51BDE5708EDD}.Debug|x86.Build.0 = Debug|Win32
		{B0FD6356-AD6C-40E6-9972-51BDE5708EDD}.Release|x64.ActiveCfg = Release|x64
		{B0FD6356-AD6C-40E6-9972-51BDE5708EDD}.Release|x64.Build.0 = Release|x64
		{B0FD6356-AD6C-40E6-9972-51BDE5708EDD}.Release|x86.ActiveCfg = Release|Win32
		{B0FD6356-AD6C-40E6-9972-51BDE5708EDD}.Release|x86.Build.0 = Release|Win32
		{07EF2EDA-B1C9-4BE2-A9D3-E60754FDB627}.Debug|x64.ActiveCfg = Debug|x64
		{07EF2EDA-B1C9-4BE2-A9D3-E60754FDB627}.Debug|x64.Build.0 = Debug|x64
		{07EF2EDA-B1C9-4BE2-A9D3-E60754FDB627}.Debug|x86.ActiveCfg = Debug|Win32
		{07EF2EDA-B1C9-4BE2-A9D3-E60754FDB627}.Debug|x86.Build.0 = Debug|Win32
		{07EF2EDA-B1C9-4BE2-A9D3-E60754FDB627}.Release|x64.ActiveCfg = Release|x64
		{07EF2EDA-B1C9-4BE2-A9D3-E60754FDB627}.Release|x64.Build.0 = Release|x64
		{07EF2EDA-B1C9-4BE2-A9D3-E60754FDB627}.Release|x86.ActiveCfg = Release|Win32
		{07EF2EDA-B1C9-4BE2-A9D3-E60754FDB627}.Release|x86.Build.0 = Release|Win32
	EndGlobalSection
	GlobalSection(SolutionProperties) = preSolution
		HideSolutionNode = FALSE
	EndGlobalSection
EndGlobal
