
Microsoft Visual Studio Solution File, Format Version 12.00
# Visual Studio 14
VisualStudioVersion = 14.0.25420.1
MinimumVisualStudioVersion = 10.0.40219.1
Project("{8BC9CEB8-8B4A-11D0-8D11-00A0C91BC942}") = "Lesson3", "Lesson3\Lesson3.vcxproj", "{832F080E-2A9D-420A-9F5C-7CA26DE20CBA}"
EndProject
Project("{8BC9CEB8-8B4A-11D0-8D11-00A0C91BC942}") = "Description", "Description\Description.vcxproj", "{1B3796BF-5D11-40C0-891D-49528DD3AEB4}"
EndProject
Project("{8BC9CEB8-8B4A-11D0-8D11-00A0C91BC942}") = "Test", "Test\Test.vcxproj", "{9230D3A9-830F-4150-89B4-4AF6368F1964}"
EndProject
Project("{8BC9CEB8-8B4A-11D0-8D11-00A0C91BC942}") = "Video_lection2", "Video_lection2\Video_lection2.vcxproj", "{AAB71A40-9E74-4C94-871A-82521D6519CE}"
EndProject
Project("{8BC9CEB8-8B4A-11D0-8D11-00A0C91BC942}") = "LostTreasure", "LostTreasure\LostTreasure.vcxproj", "{7248328B-F3A6-4D85-9843-2081978B7759}"
EndProject
Project("{8BC9CEB8-8B4A-11D0-8D11-00A0C91BC942}") = "C to F", "C to F\C to F.vcxproj", "{B0FD6356-AD6C-40E6-9972-51BDE5708EDD}"
EndProject
Project("{8BC9CEB8-8B4A-11D0-8D11-00A0C91BC942}") = "DollarPerNationalValute", "DollarPerNationalValute\DollarPerNationalValute.vcxproj", "{07EF2EDA-B1C9-4BE2-A9D3-E60754FDB627}"
EndProject
Project("{8BC9CEB8-8B4A-11D0-8D11-00A0C91BC942}") = "Variables", "Variables\Variables.vcxproj", "{E7D57001-2DD2-4E6F-84DE-4C2A8A765610}"
EndProject
Project("{8BC9CEB8-8B4A-11D0-8D11-00A0C91BC942}") = "BMI", "BMI\BMI.vcxproj", "{3961DDCF-8CBA-4F22-8212-97A156558398}"
EndProject
Project("{8BC9CEB8-8B4A-11D0-8D11-00A0C91BC942}") = "TimeManagment", "TimeManagment\TimeManagment.vcxproj", "{C074D240-52DC-4303-AA0C-29876CC51E8A}"
EndProject
Project("{8BC9CEB8-8B4A-11D0-8D11-00A0C91BC942}") = "Procents", "Procents\Procents.vcxproj", "{FCB4DA1C-E19D-4F5B-A677-543AC0102251}"
EndProject
Project("{8BC9CEB8-8B4A-11D0-8D11-00A0C91BC942}") = "Money", "Money\Money.vcxproj", "{206A6F82-A66B-4735-A3D8-D27FB11B479E}"
EndProject
Project("{8BC9CEB8-8B4A-11D0-8D11-00A0C91BC942}") = "LogicOperation", "IfElseSwitch\IfElseSwitch.vcxproj", "{BC15ECC3-8CC9-4FE5-8C4A-C680976460EB}"
EndProject
Project("{8BC9CEB8-8B4A-11D0-8D11-00A0C91BC942}") = "IfElse", "IfElse\IfElse.vcxproj", "{03141ADD-60EE-4A78-A175-B05E7FC6A46C}"
EndProject
Project("{8BC9CEB8-8B4A-11D0-8D11-00A0C91BC942}") = "LogicOperation2", "LogicOperation2\LogicOperation2.vcxproj", "{FB237868-8A8B-4A7A-B7EF-1E507668163B}"
EndProject
Project("{8BC9CEB8-8B4A-11D0-8D11-00A0C91BC942}") = "Switch", "Switch\Switch.vcxproj", "{82FDEC30-7C70-42B0-AD49-FB1614C2C073}"
EndProject
Project("{8BC9CEB8-8B4A-11D0-8D11-00A0C91BC942}") = "Sqrt", "Sqrt\Sqrt.vcxproj", "{E59DCD77-731B-448B-9AF6-BFDC269AE668}"
EndProject
Project("{8BC9CEB8-8B4A-11D0-8D11-00A0C91BC942}") = "Calculate", "Calculate\Calculate.vcxproj", "{AA7F8E0E-98F7-4038-9D7E-553461DFB056}"
EndProject
Project("{8BC9CEB8-8B4A-11D0-8D11-00A0C91BC942}") = "While", "Cycles1\Cycles1.vcxproj", "{5FD5B8EF-7990-4950-A04C-F80AA538ECAC}"
EndProject
Project("{8BC9CEB8-8B4A-11D0-8D11-00A0C91BC942}") = "CycleFor", "CycleFor\CycleFor.vcxproj", "{12C8483B-53A4-4ADE-85EE-74F4E5EBBAAF}"
EndProject
Project("{8BC9CEB8-8B4A-11D0-8D11-00A0C91BC942}") = "WhileTrue", "WhileTrue\WhileTrue.vcxproj", "{AA27CA5E-A3FD-4069-BE13-AA964A1D0E9B}"
EndProject
Project("{8BC9CEB8-8B4A-11D0-8D11-00A0C91BC942}") = "Exponent", "Exponent\Exponent.vcxproj", "{499ECD62-DB24-4AE5-862F-0866F9242715}"
EndProject
Project("{8BC9CEB8-8B4A-11D0-8D11-00A0C91BC942}") = "Arrays", "Arrays\Arrays.vcxproj", "{A855B5F3-95AE-49CD-B4D6-AD0D8D86826A}"
EndProject
Global
	GlobalSection(SolutionConfigurationPlatforms) = preSolution
		Debug|x64 = Debug|x64
		Debug|x86 = Debug|x86
		Release|x64 = Release|x64
		Release|x86 = Release|x86
	EndGlobalSection
	GlobalSection(ProjectConfigurationPlatforms) = postSolution
		{832F080E-2A9D-420A-9F5C-7CA26DE20CBA}.Debug|x64.ActiveCfg = Debug|x64
		{832F080E-2A9D-420A-9F5C-7CA26DE20CBA}.Debug|x64.Build.0 = Debug|x64
		{832F080E-2A9D-420A-9F5C-7CA26DE20CBA}.Debug|x86.ActiveCfg = Debug|Win32
		{832F080E-2A9D-420A-9F5C-7CA26DE20CBA}.Debug|x86.Build.0 = Debug|Win32
		{832F080E-2A9D-420A-9F5C-7CA26DE20CBA}.Release|x64.ActiveCfg = Release|x64
		{832F080E-2A9D-420A-9F5C-7CA26DE20CBA}.Release|x64.Build.0 = Release|x64
		{832F080E-2A9D-420A-9F5C-7CA26DE20CBA}.Release|x86.ActiveCfg = Release|Win32
		{832F080E-2A9D-420A-9F5C-7CA26DE20CBA}.Release|x86.Build.0 = Release|Win32
		{1B3796BF-5D11-40C0-891D-49528DD3AEB4}.Debug|x64.ActiveCfg = Debug|x64
		{1B3796BF-5D11-40C0-891D-49528DD3AEB4}.Debug|x64.Build.0 = Debug|x64
		{1B3796BF-5D11-40C0-891D-49528DD3AEB4}.Debug|x86.ActiveCfg = Debug|Win32
		{1B3796BF-5D11-40C0-891D-49528DD3AEB4}.Debug|x86.Build.0 = Debug|Win32
		{1B3796BF-5D11-40C0-891D-49528DD3AEB4}.Release|x64.ActiveCfg = Release|x64
		{1B3796BF-5D11-40C0-891D-49528DD3AEB4}.Release|x64.Build.0 = Release|x64
		{1B3796BF-5D11-40C0-891D-49528DD3AEB4}.Release|x86.ActiveCfg = Release|Win32
		{1B3796BF-5D11-40C0-891D-49528DD3AEB4}.Release|x86.Build.0 = Release|Win32
		{9230D3A9-830F-4150-89B4-4AF6368F1964}.Debug|x64.ActiveCfg = Debug|x64
		{9230D3A9-830F-4150-89B4-4AF6368F1964}.Debug|x64.Build.0 = Debug|x64
		{9230D3A9-830F-4150-89B4-4AF6368F1964}.Debug|x86.ActiveCfg = Debug|Win32
		{9230D3A9-830F-4150-89B4-4AF6368F1964}.Debug|x86.Build.0 = Debug|Win32
		{9230D3A9-830F-4150-89B4-4AF6368F1964}.Release|x64.ActiveCfg = Release|x64
		{9230D3A9-830F-4150-89B4-4AF6368F1964}.Release|x64.Build.0 = Release|x64
		{9230D3A9-830F-4150-89B4-4AF6368F1964}.Release|x86.ActiveCfg = Release|Win32
		{9230D3A9-830F-4150-89B4-4AF6368F1964}.Release|x86.Build.0 = Release|Win32
		{AAB71A40-9E74-4C94-871A-82521D6519CE}.Debug|x64.ActiveCfg = Debug|x64
		{AAB71A40-9E74-4C94-871A-82521D6519CE}.Debug|x64.Build.0 = Debug|x64
		{AAB71A40-9E74-4C94-871A-82521D6519CE}.Debug|x86.ActiveCfg = Debug|Win32
		{AAB71A40-9E74-4C94-871A-82521D6519CE}.Debug|x86.Build.0 = Debug|Win32
		{AAB71A40-9E74-4C94-871A-82521D6519CE}.Release|x64.ActiveCfg = Release|x64
		{AAB71A40-9E74-4C94-871A-82521D6519CE}.Release|x64.Build.0 = Release|x64
		{AAB71A40-9E74-4C94-871A-82521D6519CE}.Release|x86.ActiveCfg = Release|Win32
		{AAB71A40-9E74-4C94-871A-82521D6519CE}.Release|x86.Build.0 = Release|Win32
		{7248328B-F3A6-4D85-9843-2081978B7759}.Debug|x64.ActiveCfg = Debug|x64
		{7248328B-F3A6-4D85-9843-2081978B7759}.Debug|x64.Build.0 = Debug|x64
		{7248328B-F3A6-4D85-9843-2081978B7759}.Debug|x86.ActiveCfg = Debug|Win32
		{7248328B-F3A6-4D85-9843-2081978B7759}.Debug|x86.Build.0 = Debug|Win32
		{7248328B-F3A6-4D85-9843-2081978B7759}.Release|x64.ActiveCfg = Release|x64
		{7248328B-F3A6-4D85-9843-2081978B7759}.Release|x64.Build.0 = Release|x64
		{7248328B-F3A6-4D85-9843-2081978B7759}.Release|x86.ActiveCfg = Release|Win32
		{7248328B-F3A6-4D85-9843-2081978B7759}.Release|x86.Build.0 = Release|Win32
		{B0FD6356-AD6C-40E6-9972-51BDE5708EDD}.Debug|x64.ActiveCfg = Debug|x64
		{B0FD6356-AD6C-40E6-9972-51BDE5708EDD}.Debug|x64.Build.0 = Debug|x64
		{B0FD6356-AD6C-40E6-9972-51BDE5708EDD}.Debug|x86.ActiveCfg = Debug|Win32
		{B0FD6356-AD6C-40E6-9972-51BDE5708EDD}.Debug|x86.Build.0 = Debug|Win32
		{B0FD6356-AD6C-40E6-9972-51BDE5708EDD}.Release|x64.ActiveCfg = Release|x64
		{B0FD6356-AD6C-40E6-9972-51BDE5708EDD}.Release|x64.Build.0 = Release|x64
		{B0FD6356-AD6C-40E6-9972-51BDE5708EDD}.Release|x86.ActiveCfg = Release|Win32
		{B0FD6356-AD6C-40E6-9972-51BDE5708EDD}.Release|x86.Build.0 = Release|Win32
		{07EF2EDA-B1C9-4BE2-A9D3-E60754FDB627}.Debug|x64.ActiveCfg = Debug|x64
		{07EF2EDA-B1C9-4BE2-A9D3-E60754FDB627}.Debug|x64.Build.0 = Debug|x64
		{07EF2EDA-B1C9-4BE2-A9D3-E60754FDB627}.Debug|x86.ActiveCfg = Debug|Win32
		{07EF2EDA-B1C9-4BE2-A9D3-E60754FDB627}.Debug|x86.Build.0 = Debug|Win32
		{07EF2EDA-B1C9-4BE2-A9D3-E60754FDB627}.Release|x64.ActiveCfg = Release|x64
		{07EF2EDA-B1C9-4BE2-A9D3-E60754FDB627}.Release|x64.Build.0 = Release|x64
		{07EF2EDA-B1C9-4BE2-A9D3-E60754FDB627}.Release|x86.ActiveCfg = Release|Win32
		{07EF2EDA-B1C9-4BE2-A9D3-E60754FDB627}.Release|x86.Build.0 = Release|Win32
		{E7D57001-2DD2-4E6F-84DE-4C2A8A765610}.Debug|x64.ActiveCfg = Debug|x64
		{E7D57001-2DD2-4E6F-84DE-4C2A8A765610}.Debug|x64.Build.0 = Debug|x64
		{E7D57001-2DD2-4E6F-84DE-4C2A8A765610}.Debug|x86.ActiveCfg = Debug|Win32
		{E7D57001-2DD2-4E6F-84DE-4C2A8A765610}.Debug|x86.Build.0 = Debug|Win32
		{E7D57001-2DD2-4E6F-84DE-4C2A8A765610}.Release|x64.ActiveCfg = Release|x64
		{E7D57001-2DD2-4E6F-84DE-4C2A8A765610}.Release|x64.Build.0 = Release|x64
		{E7D57001-2DD2-4E6F-84DE-4C2A8A765610}.Release|x86.ActiveCfg = Release|Win32
		{E7D57001-2DD2-4E6F-84DE-4C2A8A765610}.Release|x86.Build.0 = Release|Win32
		{3961DDCF-8CBA-4F22-8212-97A156558398}.Debug|x64.ActiveCfg = Debug|x64
		{3961DDCF-8CBA-4F22-8212-97A156558398}.Debug|x64.Build.0 = Debug|x64
		{3961DDCF-8CBA-4F22-8212-97A156558398}.Debug|x86.ActiveCfg = Debug|Win32
		{3961DDCF-8CBA-4F22-8212-97A156558398}.Debug|x86.Build.0 = Debug|Win32
		{3961DDCF-8CBA-4F22-8212-97A156558398}.Release|x64.ActiveCfg = Release|x64
		{3961DDCF-8CBA-4F22-8212-97A156558398}.Release|x64.Build.0 = Release|x64
		{3961DDCF-8CBA-4F22-8212-97A156558398}.Release|x86.ActiveCfg = Release|Win32
		{3961DDCF-8CBA-4F22-8212-97A156558398}.Release|x86.Build.0 = Release|Win32
		{C074D240-52DC-4303-AA0C-29876CC51E8A}.Debug|x64.ActiveCfg = Debug|x64
		{C074D240-52DC-4303-AA0C-29876CC51E8A}.Debug|x64.Build.0 = Debug|x64
		{C074D240-52DC-4303-AA0C-29876CC51E8A}.Debug|x86.ActiveCfg = Debug|Win32
		{C074D240-52DC-4303-AA0C-29876CC51E8A}.Debug|x86.Build.0 = Debug|Win32
		{C074D240-52DC-4303-AA0C-29876CC51E8A}.Release|x64.ActiveCfg = Release|x64
		{C074D240-52DC-4303-AA0C-29876CC51E8A}.Release|x64.Build.0 = Release|x64
		{C074D240-52DC-4303-AA0C-29876CC51E8A}.Release|x86.ActiveCfg = Release|Win32
		{C074D240-52DC-4303-AA0C-29876CC51E8A}.Release|x86.Build.0 = Release|Win32
		{FCB4DA1C-E19D-4F5B-A677-543AC0102251}.Debug|x64.ActiveCfg = Debug|x64
		{FCB4DA1C-E19D-4F5B-A677-543AC0102251}.Debug|x64.Build.0 = Debug|x64
		{FCB4DA1C-E19D-4F5B-A677-543AC0102251}.Debug|x86.ActiveCfg = Debug|Win32
		{FCB4DA1C-E19D-4F5B-A677-543AC0102251}.Debug|x86.Build.0 = Debug|Win32
		{FCB4DA1C-E19D-4F5B-A677-543AC0102251}.Release|x64.ActiveCfg = Release|x64
		{FCB4DA1C-E19D-4F5B-A677-543AC0102251}.Release|x64.Build.0 = Release|x64
		{FCB4DA1C-E19D-4F5B-A677-543AC0102251}.Release|x86.ActiveCfg = Release|Win32
		{FCB4DA1C-E19D-4F5B-A677-543AC0102251}.Release|x86.Build.0 = Release|Win32
		{206A6F82-A66B-4735-A3D8-D27FB11B479E}.Debug|x64.ActiveCfg = Debug|x64
		{206A6F82-A66B-4735-A3D8-D27FB11B479E}.Debug|x64.Build.0 = Debug|x64
		{206A6F82-A66B-4735-A3D8-D27FB11B479E}.Debug|x86.ActiveCfg = Debug|Win32
		{206A6F82-A66B-4735-A3D8-D27FB11B479E}.Debug|x86.Build.0 = Debug|Win32
		{206A6F82-A66B-4735-A3D8-D27FB11B479E}.Release|x64.ActiveCfg = Release|x64
		{206A6F82-A66B-4735-A3D8-D27FB11B479E}.Release|x64.Build.0 = Release|x64
		{206A6F82-A66B-4735-A3D8-D27FB11B479E}.Release|x86.ActiveCfg = Release|Win32
		{206A6F82-A66B-4735-A3D8-D27FB11B479E}.Release|x86.Build.0 = Release|Win32
		{BC15ECC3-8CC9-4FE5-8C4A-C680976460EB}.Debug|x64.ActiveCfg = Debug|x64
		{BC15ECC3-8CC9-4FE5-8C4A-C680976460EB}.Debug|x64.Build.0 = Debug|x64
		{BC15ECC3-8CC9-4FE5-8C4A-C680976460EB}.Debug|x86.ActiveCfg = Debug|Win32
		{BC15ECC3-8CC9-4FE5-8C4A-C680976460EB}.Debug|x86.Build.0 = Debug|Win32
		{BC15ECC3-8CC9-4FE5-8C4A-C680976460EB}.Release|x64.ActiveCfg = Release|x64
		{BC15ECC3-8CC9-4FE5-8C4A-C680976460EB}.Release|x64.Build.0 = Release|x64
		{BC15ECC3-8CC9-4FE5-8C4A-C680976460EB}.Release|x86.ActiveCfg = Release|Win32
		{BC15ECC3-8CC9-4FE5-8C4A-C680976460EB}.Release|x86.Build.0 = Release|Win32
		{03141ADD-60EE-4A78-A175-B05E7FC6A46C}.Debug|x64.ActiveCfg = Debug|x64
		{03141ADD-60EE-4A78-A175-B05E7FC6A46C}.Debug|x64.Build.0 = Debug|x64
		{03141ADD-60EE-4A78-A175-B05E7FC6A46C}.Debug|x86.ActiveCfg = Debug|Win32
		{03141ADD-60EE-4A78-A175-B05E7FC6A46C}.Debug|x86.Build.0 = Debug|Win32
		{03141ADD-60EE-4A78-A175-B05E7FC6A46C}.Release|x64.ActiveCfg = Release|x64
		{03141ADD-60EE-4A78-A175-B05E7FC6A46C}.Release|x64.Build.0 = Release|x64
		{03141ADD-60EE-4A78-A175-B05E7FC6A46C}.Release|x86.ActiveCfg = Release|Win32
		{03141ADD-60EE-4A78-A175-B05E7FC6A46C}.Release|x86.Build.0 = Release|Win32
		{FB237868-8A8B-4A7A-B7EF-1E507668163B}.Debug|x64.ActiveCfg = Debug|x64
		{FB237868-8A8B-4A7A-B7EF-1E507668163B}.Debug|x64.Build.0 = Debug|x64
		{FB237868-8A8B-4A7A-B7EF-1E507668163B}.Debug|x86.ActiveCfg = Debug|Win32
		{FB237868-8A8B-4A7A-B7EF-1E507668163B}.Debug|x86.Build.0 = Debug|Win32
		{FB237868-8A8B-4A7A-B7EF-1E507668163B}.Release|x64.ActiveCfg = Release|x64
		{FB237868-8A8B-4A7A-B7EF-1E507668163B}.Release|x64.Build.0 = Release|x64
		{FB237868-8A8B-4A7A-B7EF-1E507668163B}.Release|x86.ActiveCfg = Release|Win32
		{FB237868-8A8B-4A7A-B7EF-1E507668163B}.Release|x86.Build.0 = Release|Win32
		{82FDEC30-7C70-42B0-AD49-FB1614C2C073}.Debug|x64.ActiveCfg = Debug|x64
		{82FDEC30-7C70-42B0-AD49-FB1614C2C073}.Debug|x64.Build.0 = Debug|x64
		{82FDEC30-7C70-42B0-AD49-FB1614C2C073}.Debug|x86.ActiveCfg = Debug|Win32
		{82FDEC30-7C70-42B0-AD49-FB1614C2C073}.Debug|x86.Build.0 = Debug|Win32
		{82FDEC30-7C70-42B0-AD49-FB1614C2C073}.Release|x64.ActiveCfg = Release|x64
		{82FDEC30-7C70-42B0-AD49-FB1614C2C073}.Release|x64.Build.0 = Release|x64
		{82FDEC30-7C70-42B0-AD49-FB1614C2C073}.Release|x86.ActiveCfg = Release|Win32
		{82FDEC30-7C70-42B0-AD49-FB1614C2C073}.Release|x86.Build.0 = Release|Win32
		{E59DCD77-731B-448B-9AF6-BFDC269AE668}.Debug|x64.ActiveCfg = Debug|x64
		{E59DCD77-731B-448B-9AF6-BFDC269AE668}.Debug|x64.Build.0 = Debug|x64
		{E59DCD77-731B-448B-9AF6-BFDC269AE668}.Debug|x86.ActiveCfg = Debug|Win32
		{E59DCD77-731B-448B-9AF6-BFDC269AE668}.Debug|x86.Build.0 = Debug|Win32
		{E59DCD77-731B-448B-9AF6-BFDC269AE668}.Release|x64.ActiveCfg = Release|x64
		{E59DCD77-731B-448B-9AF6-BFDC269AE668}.Release|x64.Build.0 = Release|x64
		{E59DCD77-731B-448B-9AF6-BFDC269AE668}.Release|x86.ActiveCfg = Release|Win32
		{E59DCD77-731B-448B-9AF6-BFDC269AE668}.Release|x86.Build.0 = Release|Win32
		{AA7F8E0E-98F7-4038-9D7E-553461DFB056}.Debug|x64.ActiveCfg = Debug|x64
		{AA7F8E0E-98F7-4038-9D7E-553461DFB056}.Debug|x64.Build.0 = Debug|x64
		{AA7F8E0E-98F7-4038-9D7E-553461DFB056}.Debug|x86.ActiveCfg = Debug|Win32
		{AA7F8E0E-98F7-4038-9D7E-553461DFB056}.Debug|x86.Build.0 = Debug|Win32
		{AA7F8E0E-98F7-4038-9D7E-553461DFB056}.Release|x64.ActiveCfg = Release|x64
		{AA7F8E0E-98F7-4038-9D7E-553461DFB056}.Release|x64.Build.0 = Release|x64
		{AA7F8E0E-98F7-4038-9D7E-553461DFB056}.Release|x86.ActiveCfg = Release|Win32
		{AA7F8E0E-98F7-4038-9D7E-553461DFB056}.Release|x86.Build.0 = Release|Win32
		{5FD5B8EF-7990-4950-A04C-F80AA538ECAC}.Debug|x64.ActiveCfg = Debug|x64
		{5FD5B8EF-7990-4950-A04C-F80AA538ECAC}.Debug|x64.Build.0 = Debug|x64
		{5FD5B8EF-7990-4950-A04C-F80AA538ECAC}.Debug|x86.ActiveCfg = Debug|Win32
		{5FD5B8EF-7990-4950-A04C-F80AA538ECAC}.Debug|x86.Build.0 = Debug|Win32
		{5FD5B8EF-7990-4950-A04C-F80AA538ECAC}.Release|x64.ActiveCfg = Release|x64
		{5FD5B8EF-7990-4950-A04C-F80AA538ECAC}.Release|x64.Build.0 = Release|x64
		{5FD5B8EF-7990-4950-A04C-F80AA538ECAC}.Release|x86.ActiveCfg = Release|Win32
		{5FD5B8EF-7990-4950-A04C-F80AA538ECAC}.Release|x86.Build.0 = Release|Win32
		{12C8483B-53A4-4ADE-85EE-74F4E5EBBAAF}.Debug|x64.ActiveCfg = Debug|x64
		{12C8483B-53A4-4ADE-85EE-74F4E5EBBAAF}.Debug|x64.Build.0 = Debug|x64
		{12C8483B-53A4-4ADE-85EE-74F4E5EBBAAF}.Debug|x86.ActiveCfg = Debug|Win32
		{12C8483B-53A4-4ADE-85EE-74F4E5EBBAAF}.Debug|x86.Build.0 = Debug|Win32
		{12C8483B-53A4-4ADE-85EE-74F4E5EBBAAF}.Release|x64.ActiveCfg = Release|x64
		{12C8483B-53A4-4ADE-85EE-74F4E5EBBAAF}.Release|x64.Build.0 = Release|x64
		{12C8483B-53A4-4ADE-85EE-74F4E5EBBAAF}.Release|x86.ActiveCfg = Release|Win32
		{12C8483B-53A4-4ADE-85EE-74F4E5EBBAAF}.Release|x86.Build.0 = Release|Win32
		{AA27CA5E-A3FD-4069-BE13-AA964A1D0E9B}.Debug|x64.ActiveCfg = Debug|x64
		{AA27CA5E-A3FD-4069-BE13-AA964A1D0E9B}.Debug|x64.Build.0 = Debug|x64
		{AA27CA5E-A3FD-4069-BE13-AA964A1D0E9B}.Debug|x86.ActiveCfg = Debug|Win32
		{AA27CA5E-A3FD-4069-BE13-AA964A1D0E9B}.Debug|x86.Build.0 = Debug|Win32
		{AA27CA5E-A3FD-4069-BE13-AA964A1D0E9B}.Release|x64.ActiveCfg = Release|x64
		{AA27CA5E-A3FD-4069-BE13-AA964A1D0E9B}.Release|x64.Build.0 = Release|x64
		{AA27CA5E-A3FD-4069-BE13-AA964A1D0E9B}.Release|x86.ActiveCfg = Release|Win32
		{AA27CA5E-A3FD-4069-BE13-AA964A1D0E9B}.Release|x86.Build.0 = Release|Win32
		{499ECD62-DB24-4AE5-862F-0866F9242715}.Debug|x64.ActiveCfg = Debug|x64
		{499ECD62-DB24-4AE5-862F-0866F9242715}.Debug|x64.Build.0 = Debug|x64
		{499ECD62-DB24-4AE5-862F-0866F9242715}.Debug|x86.ActiveCfg = Debug|Win32
		{499ECD62-DB24-4AE5-862F-0866F9242715}.Debug|x86.Build.0 = Debug|Win32
		{499ECD62-DB24-4AE5-862F-0866F9242715}.Release|x64.ActiveCfg = Release|x64
		{499ECD62-DB24-4AE5-862F-0866F9242715}.Release|x64.Build.0 = Release|x64
		{499ECD62-DB24-4AE5-862F-0866F9242715}.Release|x86.ActiveCfg = Release|Win32
		{499ECD62-DB24-4AE5-862F-0866F9242715}.Release|x86.Build.0 = Release|Win32
		{A855B5F3-95AE-49CD-B4D6-AD0D8D86826A}.Debug|x64.ActiveCfg = Debug|x64
		{A855B5F3-95AE-49CD-B4D6-AD0D8D86826A}.Debug|x64.Build.0 = Debug|x64
		{A855B5F3-95AE-49CD-B4D6-AD0D8D86826A}.Debug|x86.ActiveCfg = Debug|Win32
		{A855B5F3-95AE-49CD-B4D6-AD0D8D86826A}.Debug|x86.Build.0 = Debug|Win32
		{A855B5F3-95AE-49CD-B4D6-AD0D8D86826A}.Release|x64.ActiveCfg = Release|x64
		{A855B5F3-95AE-49CD-B4D6-AD0D8D86826A}.Release|x64.Build.0 = Release|x64
		{A855B5F3-95AE-49CD-B4D6-AD0D8D86826A}.Release|x86.ActiveCfg = Release|Win32
		{A855B5F3-95AE-49CD-B4D6-AD0D8D86826A}.Release|x86.Build.0 = Release|Win32
	EndGlobalSection
	GlobalSection(SolutionProperties) = preSolution
		HideSolutionNode = FALSE
	EndGlobalSection
EndGlobal
